
Microsoft Visual Studio Solution File, Format Version 12.00
# Visual Studio 15
VisualStudioVersion = 15.0.28307.271
MinimumVisualStudioVersion = 10.0.40219.1
Project("{FAE04EC0-301F-11D3-BF4B-00C04F79EFBC}") = "DataTemplateSelectorFix.Android", "DataTemplateSelectorFix\DataTemplateSelectorFix.Android\DataTemplateSelectorFix.Android.csproj", "{C5DA004F-ED0E-454C-9CA1-88AA7D375BA7}"
EndProject
Project("{FAE04EC0-301F-11D3-BF4B-00C04F79EFBC}") = "DataTemplateSelectorFix.iOS", "DataTemplateSelectorFix\DataTemplateSelectorFix.iOS\DataTemplateSelectorFix.iOS.csproj", "{D5701405-6227-481B-9DB5-26B9763E6307}"
EndProject
Project("{FAE04EC0-301F-11D3-BF4B-00C04F79EFBC}") = "DataTemplateSelectorFix.UWP", "DataTemplateSelectorFix\DataTemplateSelectorFix.UWP\DataTemplateSelectorFix.UWP.csproj", "{A71B7EC2-AB10-41FA-87FD-931B105BCA42}"
EndProject
Project("{FAE04EC0-301F-11D3-BF4B-00C04F79EFBC}") = "DataTemplateSelectorFix", "DataTemplateSelectorFix\DataTemplateSelectorFix\DataTemplateSelectorFix.csproj", "{678CBBE8-39C2-43CF-B436-135DF98F14B8}"
EndProject
Global
	GlobalSection(SolutionConfigurationPlatforms) = preSolution
		Ad-Hoc|Any CPU = Ad-Hoc|Any CPU
		Ad-Hoc|ARM = Ad-Hoc|ARM
		Ad-Hoc|iPhone = Ad-Hoc|iPhone
		Ad-Hoc|iPhoneSimulator = Ad-Hoc|iPhoneSimulator
		Ad-Hoc|x64 = Ad-Hoc|x64
		Ad-Hoc|x86 = Ad-Hoc|x86
		AppStore|Any CPU = AppStore|Any CPU
		AppStore|ARM = AppStore|ARM
		AppStore|iPhone = AppStore|iPhone
		AppStore|iPhoneSimulator = AppStore|iPhoneSimulator
		AppStore|x64 = AppStore|x64
		AppStore|x86 = AppStore|x86
		Debug|Any CPU = Debug|Any CPU
		Debug|ARM = Debug|ARM
		Debug|iPhone = Debug|iPhone
		Debug|iPhoneSimulator = Debug|iPhoneSimulator
		Debug|x64 = Debug|x64
		Debug|x86 = Debug|x86
		Release|Any CPU = Release|Any CPU
		Release|ARM = Release|ARM
		Release|iPhone = Release|iPhone
		Release|iPhoneSimulator = Release|iPhoneSimulator
		Release|x64 = Release|x64
		Release|x86 = Release|x86
	EndGlobalSection
	GlobalSection(ProjectConfigurationPlatforms) = postSolution
		{C5DA004F-ED0E-454C-9CA1-88AA7D375BA7}.Ad-Hoc|Any CPU.ActiveCfg = Release|Any CPU
		{C5DA004F-ED0E-454C-9CA1-88AA7D375BA7}.Ad-Hoc|Any CPU.Build.0 = Release|Any CPU
		{C5DA004F-ED0E-454C-9CA1-88AA7D375BA7}.Ad-Hoc|Any CPU.Deploy.0 = Release|Any CPU
		{C5DA004F-ED0E-454C-9CA1-88AA7D375BA7}.Ad-Hoc|ARM.ActiveCfg = Release|Any CPU
		{C5DA004F-ED0E-454C-9CA1-88AA7D375BA7}.Ad-Hoc|ARM.Build.0 = Release|Any CPU
		{C5DA004F-ED0E-454C-9CA1-88AA7D375BA7}.Ad-Hoc|ARM.Deploy.0 = Release|Any CPU
		{C5DA004F-ED0E-454C-9CA1-88AA7D375BA7}.Ad-Hoc|iPhone.ActiveCfg = Release|Any CPU
		{C5DA004F-ED0E-454C-9CA1-88AA7D375BA7}.Ad-Hoc|iPhone.Build.0 = Release|Any CPU
		{C5DA004F-ED0E-454C-9CA1-88AA7D375BA7}.Ad-Hoc|iPhone.Deploy.0 = Release|Any CPU
		{C5DA004F-ED0E-454C-9CA1-88AA7D375BA7}.Ad-Hoc|iPhoneSimulator.ActiveCfg = Release|Any CPU
		{C5DA004F-ED0E-454C-9CA1-88AA7D375BA7}.Ad-Hoc|iPhoneSimulator.Build.0 = Release|Any CPU
		{C5DA004F-ED0E-454C-9CA1-88AA7D375BA7}.Ad-Hoc|iPhoneSimulator.Deploy.0 = Release|Any CPU
		{C5DA004F-ED0E-454C-9CA1-88AA7D375BA7}.Ad-Hoc|x64.ActiveCfg = Release|Any CPU
		{C5DA004F-ED0E-454C-9CA1-88AA7D375BA7}.Ad-Hoc|x64.Build.0 = Release|Any CPU
		{C5DA004F-ED0E-454C-9CA1-88AA7D375BA7}.Ad-Hoc|x64.Deploy.0 = Release|Any CPU
		{C5DA004F-ED0E-454C-9CA1-88AA7D375BA7}.Ad-Hoc|x86.ActiveCfg = Release|Any CPU
		{C5DA004F-ED0E-454C-9CA1-88AA7D375BA7}.Ad-Hoc|x86.Build.0 = Release|Any CPU
		{C5DA004F-ED0E-454C-9CA1-88AA7D375BA7}.Ad-Hoc|x86.Deploy.0 = Release|Any CPU
		{C5DA004F-ED0E-454C-9CA1-88AA7D375BA7}.AppStore|Any CPU.ActiveCfg = Release|Any CPU
		{C5DA004F-ED0E-454C-9CA1-88AA7D375BA7}.AppStore|Any CPU.Build.0 = Release|Any CPU
		{C5DA004F-ED0E-454C-9CA1-88AA7D375BA7}.AppStore|Any CPU.Deploy.0 = Release|Any CPU
		{C5DA004F-ED0E-454C-9CA1-88AA7D375BA7}.AppStore|ARM.ActiveCfg = Release|Any CPU
		{C5DA004F-ED0E-454C-9CA1-88AA7D375BA7}.AppStore|ARM.Build.0 = Release|Any CPU
		{C5DA004F-ED0E-454C-9CA1-88AA7D375BA7}.AppStore|ARM.Deploy.0 = Release|Any CPU
		{C5DA004F-ED0E-454C-9CA1-88AA7D375BA7}.AppStore|iPhone.ActiveCfg = Release|Any CPU
		{C5DA004F-ED0E-454C-9CA1-88AA7D375BA7}.AppStore|iPhone.Build.0 = Release|Any CPU
		{C5DA004F-ED0E-454C-9CA1-88AA7D375BA7}.AppStore|iPhone.Deploy.0 = Release|Any CPU
		{C5DA004F-ED0E-454C-9CA1-88AA7D375BA7}.AppStore|iPhoneSimulator.ActiveCfg = Release|Any CPU
		{C5DA004F-ED0E-454C-9CA1-88AA7D375BA7}.AppStore|iPhoneSimulator.Build.0 = Release|Any CPU
		{C5DA004F-ED0E-454C-9CA1-88AA7D375BA7}.AppStore|iPhoneSimulator.Deploy.0 = Release|Any CPU
		{C5DA004F-ED0E-454C-9CA1-88AA7D375BA7}.AppStore|x64.ActiveCfg = Release|Any CPU
		{C5DA004F-ED0E-454C-9CA1-88AA7D375BA7}.AppStore|x64.Build.0 = Release|Any CPU
		{C5DA004F-ED0E-454C-9CA1-88AA7D375BA7}.AppStore|x64.Deploy.0 = Release|Any CPU
		{C5DA004F-ED0E-454C-9CA1-88AA7D375BA7}.AppStore|x86.ActiveCfg = Release|Any CPU
		{C5DA004F-ED0E-454C-9CA1-88AA7D375BA7}.AppStore|x86.Build.0 = Release|Any CPU
		{C5DA004F-ED0E-454C-9CA1-88AA7D375BA7}.AppStore|x86.Deploy.0 = Release|Any CPU
		{C5DA004F-ED0E-454C-9CA1-88AA7D375BA7}.Debug|Any CPU.ActiveCfg = Debug|Any CPU
		{C5DA004F-ED0E-454C-9CA1-88AA7D375BA7}.Debug|Any CPU.Build.0 = Debug|Any CPU
		{C5DA004F-ED0E-454C-9CA1-88AA7D375BA7}.Debug|Any CPU.Deploy.0 = Debug|Any CPU
		{C5DA004F-ED0E-454C-9CA1-88AA7D375BA7}.Debug|ARM.ActiveCfg = Debug|Any CPU
		{C5DA004F-ED0E-454C-9CA1-88AA7D375BA7}.Debug|ARM.Build.0 = Debug|Any CPU
		{C5DA004F-ED0E-454C-9CA1-88AA7D375BA7}.Debug|ARM.Deploy.0 = Debug|Any CPU
		{C5DA004F-ED0E-454C-9CA1-88AA7D375BA7}.Debug|iPhone.ActiveCfg = Debug|Any CPU
		{C5DA004F-ED0E-454C-9CA1-88AA7D375BA7}.Debug|iPhone.Build.0 = Debug|Any CPU
		{C5DA004F-ED0E-454C-9CA1-88AA7D375BA7}.Debug|iPhone.Deploy.0 = Debug|Any CPU
		{C5DA004F-ED0E-454C-9CA1-88AA7D375BA7}.Debug|iPhoneSimulator.ActiveCfg = Debug|Any CPU
		{C5DA004F-ED0E-454C-9CA1-88AA7D375BA7}.Debug|iPhoneSimulator.Build.0 = Debug|Any CPU
		{C5DA004F-ED0E-454C-9CA1-88AA7D375BA7}.Debug|iPhoneSimulator.Deploy.0 = Debug|Any CPU
		{C5DA004F-ED0E-454C-9CA1-88AA7D375BA7}.Debug|x64.ActiveCfg = Debug|Any CPU
		{C5DA004F-ED0E-454C-9CA1-88AA7D375BA7}.Debug|x64.Build.0 = Debug|Any CPU
		{C5DA004F-ED0E-454C-9CA1-88AA7D375BA7}.Debug|x64.Deploy.0 = Debug|Any CPU
		{C5DA004F-ED0E-454C-9CA1-88AA7D375BA7}.Debug|x86.ActiveCfg = Debug|Any CPU
		{C5DA004F-ED0E-454C-9CA1-88AA7D375BA7}.Debug|x86.Build.0 = Debug|Any CPU
		{C5DA004F-ED0E-454C-9CA1-88AA7D375BA7}.Debug|x86.Deploy.0 = Debug|Any CPU
		{C5DA004F-ED0E-454C-9CA1-88AA7D375BA7}.Release|Any CPU.ActiveCfg = Release|Any CPU
		{C5DA004F-ED0E-454C-9CA1-88AA7D375BA7}.Release|Any CPU.Build.0 = Release|Any CPU
		{C5DA004F-ED0E-454C-9CA1-88AA7D375BA7}.Release|Any CPU.Deploy.0 = Release|Any CPU
		{C5DA004F-ED0E-454C-9CA1-88AA7D375BA7}.Release|ARM.ActiveCfg = Release|Any CPU
		{C5DA004F-ED0E-454C-9CA1-88AA7D375BA7}.Release|ARM.Build.0 = Release|Any CPU
		{C5DA004F-ED0E-454C-9CA1-88AA7D375BA7}.Release|ARM.Deploy.0 = Release|Any CPU
		{C5DA004F-ED0E-454C-9CA1-88AA7D375BA7}.Release|iPhone.ActiveCfg = Release|Any CPU
		{C5DA004F-ED0E-454C-9CA1-88AA7D375BA7}.Release|iPhone.Build.0 = Release|Any CPU
		{C5DA004F-ED0E-454C-9CA1-88AA7D375BA7}.Release|iPhone.Deploy.0 = Release|Any CPU
		{C5DA004F-ED0E-454C-9CA1-88AA7D375BA7}.Release|iPhoneSimulator.ActiveCfg = Release|Any CPU
		{C5DA004F-ED0E-454C-9CA1-88AA7D375BA7}.Release|iPhoneSimulator.Build.0 = Release|Any CPU
		{C5DA004F-ED0E-454C-9CA1-88AA7D375BA7}.Release|iPhoneSimulator.Deploy.0 = Release|Any CPU
		{C5DA004F-ED0E-454C-9CA1-88AA7D375BA7}.Release|x64.ActiveCfg = Release|Any CPU
		{C5DA004F-ED0E-454C-9CA1-88AA7D375BA7}.Release|x64.Build.0 = Release|Any CPU
		{C5DA004F-ED0E-454C-9CA1-88AA7D375BA7}.Release|x64.Deploy.0 = Release|Any CPU
		{C5DA004F-ED0E-454C-9CA1-88AA7D375BA7}.Release|x86.ActiveCfg = Release|Any CPU
		{C5DA004F-ED0E-454C-9CA1-88AA7D375BA7}.Release|x86.Build.0 = Release|Any CPU
		{C5DA004F-ED0E-454C-9CA1-88AA7D375BA7}.Release|x86.Deploy.0 = Release|Any CPU
		{D5701405-6227-481B-9DB5-26B9763E6307}.Ad-Hoc|Any CPU.ActiveCfg = Ad-Hoc|iPhone
		{D5701405-6227-481B-9DB5-26B9763E6307}.Ad-Hoc|Any CPU.Build.0 = Ad-Hoc|iPhone
		{D5701405-6227-481B-9DB5-26B9763E6307}.Ad-Hoc|Any CPU.Deploy.0 = Ad-Hoc|iPhone
		{D5701405-6227-481B-9DB5-26B9763E6307}.Ad-Hoc|ARM.ActiveCfg = Ad-Hoc|iPhone
		{D5701405-6227-481B-9DB5-26B9763E6307}.Ad-Hoc|ARM.Build.0 = Ad-Hoc|iPhone
		{D5701405-6227-481B-9DB5-26B9763E6307}.Ad-Hoc|ARM.Deploy.0 = Ad-Hoc|iPhone
		{D5701405-6227-481B-9DB5-26B9763E6307}.Ad-Hoc|iPhone.ActiveCfg = Ad-Hoc|iPhone
		{D5701405-6227-481B-9DB5-26B9763E6307}.Ad-Hoc|iPhone.Build.0 = Ad-Hoc|iPhone
		{D5701405-6227-481B-9DB5-26B9763E6307}.Ad-Hoc|iPhone.Deploy.0 = Ad-Hoc|iPhone
		{D5701405-6227-481B-9DB5-26B9763E6307}.Ad-Hoc|iPhoneSimulator.ActiveCfg = Ad-Hoc|iPhoneSimulator
		{D5701405-6227-481B-9DB5-26B9763E6307}.Ad-Hoc|iPhoneSimulator.Build.0 = Ad-Hoc|iPhoneSimulator
		{D5701405-6227-481B-9DB5-26B9763E6307}.Ad-Hoc|iPhoneSimulator.Deploy.0 = Ad-Hoc|iPhoneSimulator
		{D5701405-6227-481B-9DB5-26B9763E6307}.Ad-Hoc|x64.ActiveCfg = Ad-Hoc|iPhone
		{D5701405-6227-481B-9DB5-26B9763E6307}.Ad-Hoc|x64.Build.0 = Ad-Hoc|iPhone
		{D5701405-6227-481B-9DB5-26B9763E6307}.Ad-Hoc|x64.Deploy.0 = Ad-Hoc|iPhone
		{D5701405-6227-481B-9DB5-26B9763E6307}.Ad-Hoc|x86.ActiveCfg = Ad-Hoc|iPhone
		{D5701405-6227-481B-9DB5-26B9763E6307}.Ad-Hoc|x86.Build.0 = Ad-Hoc|iPhone
		{D5701405-6227-481B-9DB5-26B9763E6307}.Ad-Hoc|x86.Deploy.0 = Ad-Hoc|iPhone
		{D5701405-6227-481B-9DB5-26B9763E6307}.AppStore|Any CPU.ActiveCfg = AppStore|iPhone
		{D5701405-6227-481B-9DB5-26B9763E6307}.AppStore|Any CPU.Build.0 = AppStore|iPhone
		{D5701405-6227-481B-9DB5-26B9763E6307}.AppStore|Any CPU.Deploy.0 = AppStore|iPhone
		{D5701405-6227-481B-9DB5-26B9763E6307}.AppStore|ARM.ActiveCfg = AppStore|iPhone
		{D5701405-6227-481B-9DB5-26B9763E6307}.AppStore|ARM.Build.0 = AppStore|iPhone
		{D5701405-6227-481B-9DB5-26B9763E6307}.AppStore|ARM.Deploy.0 = AppStore|iPhone
		{D5701405-6227-481B-9DB5-26B9763E6307}.AppStore|iPhone.ActiveCfg = AppStore|iPhone
		{D5701405-6227-481B-9DB5-26B9763E6307}.AppStore|iPhone.Build.0 = AppStore|iPhone
		{D5701405-6227-481B-9DB5-26B9763E6307}.AppStore|iPhone.Deploy.0 = AppStore|iPhone
		{D5701405-6227-481B-9DB5-26B9763E6307}.AppStore|iPhoneSimulator.ActiveCfg = AppStore|iPhoneSimulator
		{D5701405-6227-481B-9DB5-26B9763E6307}.AppStore|iPhoneSimulator.Build.0 = AppStore|iPhoneSimulator
		{D5701405-6227-481B-9DB5-26B9763E6307}.AppStore|iPhoneSimulator.Deploy.0 = AppStore|iPhoneSimulator
		{D5701405-6227-481B-9DB5-26B9763E6307}.AppStore|x64.ActiveCfg = AppStore|iPhone
		{D5701405-6227-481B-9DB5-26B9763E6307}.AppStore|x64.Build.0 = AppStore|iPhone
		{D5701405-6227-481B-9DB5-26B9763E6307}.AppStore|x64.Deploy.0 = AppStore|iPhone
		{D5701405-6227-481B-9DB5-26B9763E6307}.AppStore|x86.ActiveCfg = AppStore|iPhone
		{D5701405-6227-481B-9DB5-26B9763E6307}.AppStore|x86.Build.0 = AppStore|iPhone
		{D5701405-6227-481B-9DB5-26B9763E6307}.AppStore|x86.Deploy.0 = AppStore|iPhone
		{D5701405-6227-481B-9DB5-26B9763E6307}.Debug|Any CPU.ActiveCfg = Debug|iPhoneSimulator
		{D5701405-6227-481B-9DB5-26B9763E6307}.Debug|Any CPU.Build.0 = Debug|iPhoneSimulator
		{D5701405-6227-481B-9DB5-26B9763E6307}.Debug|Any CPU.Deploy.0 = Debug|iPhoneSimulator
		{D5701405-6227-481B-9DB5-26B9763E6307}.Debug|ARM.ActiveCfg = Debug|iPhone
		{D5701405-6227-481B-9DB5-26B9763E6307}.Debug|ARM.Build.0 = Debug|iPhone
		{D5701405-6227-481B-9DB5-26B9763E6307}.Debug|ARM.Deploy.0 = Debug|iPhone
		{D5701405-6227-481B-9DB5-26B9763E6307}.Debug|iPhone.ActiveCfg = Debug|iPhone
		{D5701405-6227-481B-9DB5-26B9763E6307}.Debug|iPhone.Build.0 = Debug|iPhone
		{D5701405-6227-481B-9DB5-26B9763E6307}.Debug|iPhone.Deploy.0 = Debug|iPhone
		{D5701405-6227-481B-9DB5-26B9763E6307}.Debug|iPhoneSimulator.ActiveCfg = Debug|iPhoneSimulator
		{D5701405-6227-481B-9DB5-26B9763E6307}.Debug|iPhoneSimulator.Build.0 = Debug|iPhoneSimulator
		{D5701405-6227-481B-9DB5-26B9763E6307}.Debug|iPhoneSimulator.Deploy.0 = Debug|iPhoneSimulator
		{D5701405-6227-481B-9DB5-26B9763E6307}.Debug|x64.ActiveCfg = Debug|iPhone
		{D5701405-6227-481B-9DB5-26B9763E6307}.Debug|x64.Build.0 = Debug|iPhone
		{D5701405-6227-481B-9DB5-26B9763E6307}.Debug|x64.Deploy.0 = Debug|iPhone
		{D5701405-6227-481B-9DB5-26B9763E6307}.Debug|x86.ActiveCfg = Debug|iPhone
		{D5701405-6227-481B-9DB5-26B9763E6307}.Debug|x86.Build.0 = Debug|iPhone
		{D5701405-6227-481B-9DB5-26B9763E6307}.Debug|x86.Deploy.0 = Debug|iPhone
		{D5701405-6227-481B-9DB5-26B9763E6307}.Release|Any CPU.ActiveCfg = Release|iPhone
		{D5701405-6227-481B-9DB5-26B9763E6307}.Release|Any CPU.Build.0 = Release|iPhone
		{D5701405-6227-481B-9DB5-26B9763E6307}.Release|Any CPU.Deploy.0 = Release|iPhone
		{D5701405-6227-481B-9DB5-26B9763E6307}.Release|ARM.ActiveCfg = Release|iPhone
		{D5701405-6227-481B-9DB5-26B9763E6307}.Release|ARM.Build.0 = Release|iPhone
		{D5701405-6227-481B-9DB5-26B9763E6307}.Release|ARM.Deploy.0 = Release|iPhone
		{D5701405-6227-481B-9DB5-26B9763E6307}.Release|iPhone.ActiveCfg = Release|iPhone
		{D5701405-6227-481B-9DB5-26B9763E6307}.Release|iPhone.Build.0 = Release|iPhone
		{D5701405-6227-481B-9DB5-26B9763E6307}.Release|iPhone.Deploy.0 = Release|iPhone
		{D5701405-6227-481B-9DB5-26B9763E6307}.Release|iPhoneSimulator.ActiveCfg = Release|iPhoneSimulator
		{D5701405-6227-481B-9DB5-26B9763E6307}.Release|iPhoneSimulator.Build.0 = Release|iPhoneSimulator
		{D5701405-6227-481B-9DB5-26B9763E6307}.Release|iPhoneSimulator.Deploy.0 = Release|iPhoneSimulator
		{D5701405-6227-481B-9DB5-26B9763E6307}.Release|x64.ActiveCfg = Release|iPhone
		{D5701405-6227-481B-9DB5-26B9763E6307}.Release|x64.Build.0 = Release|iPhone
		{D5701405-6227-481B-9DB5-26B9763E6307}.Release|x64.Deploy.0 = Release|iPhone
		{D5701405-6227-481B-9DB5-26B9763E6307}.Release|x86.ActiveCfg = Release|iPhone
		{D5701405-6227-481B-9DB5-26B9763E6307}.Release|x86.Build.0 = Release|iPhone
		{D5701405-6227-481B-9DB5-26B9763E6307}.Release|x86.Deploy.0 = Release|iPhone
		{A71B7EC2-AB10-41FA-87FD-931B105BCA42}.Ad-Hoc|Any CPU.ActiveCfg = Release|x86
		{A71B7EC2-AB10-41FA-87FD-931B105BCA42}.Ad-Hoc|Any CPU.Build.0 = Release|x86
		{A71B7EC2-AB10-41FA-87FD-931B105BCA42}.Ad-Hoc|Any CPU.Deploy.0 = Release|x86
		{A71B7EC2-AB10-41FA-87FD-931B105BCA42}.Ad-Hoc|ARM.ActiveCfg = Release|ARM
		{A71B7EC2-AB10-41FA-87FD-931B105BCA42}.Ad-Hoc|ARM.Build.0 = Release|ARM
		{A71B7EC2-AB10-41FA-87FD-931B105BCA42}.Ad-Hoc|ARM.Deploy.0 = Release|ARM
		{A71B7EC2-AB10-41FA-87FD-931B105BCA42}.Ad-Hoc|iPhone.ActiveCfg = Release|x86
		{A71B7EC2-AB10-41FA-87FD-931B105BCA42}.Ad-Hoc|iPhone.Build.0 = Release|x86
		{A71B7EC2-AB10-41FA-87FD-931B105BCA42}.Ad-Hoc|iPhone.Deploy.0 = Release|x86
		{A71B7EC2-AB10-41FA-87FD-931B105BCA42}.Ad-Hoc|iPhoneSimulator.ActiveCfg = Release|x86
		{A71B7EC2-AB10-41FA-87FD-931B105BCA42}.Ad-Hoc|iPhoneSimulator.Build.0 = Release|x86
		{A71B7EC2-AB10-41FA-87FD-931B105BCA42}.Ad-Hoc|iPhoneSimulator.Deploy.0 = Release|x86
		{A71B7EC2-AB10-41FA-87FD-931B105BCA42}.Ad-Hoc|x64.ActiveCfg = Release|x64
		{A71B7EC2-AB10-41FA-87FD-931B105BCA42}.Ad-Hoc|x64.Build.0 = Release|x64
		{A71B7EC2-AB10-41FA-87FD-931B105BCA42}.Ad-Hoc|x64.Deploy.0 = Release|x64
		{A71B7EC2-AB10-41FA-87FD-931B105BCA42}.Ad-Hoc|x86.ActiveCfg = Release|x86
		{A71B7EC2-AB10-41FA-87FD-931B105BCA42}.Ad-Hoc|x86.Build.0 = Release|x86
		{A71B7EC2-AB10-41FA-87FD-931B105BCA42}.Ad-Hoc|x86.Deploy.0 = Release|x86
		{A71B7EC2-AB10-41FA-87FD-931B105BCA42}.AppStore|Any CPU.ActiveCfg = Release|x86
		{A71B7EC2-AB10-41FA-87FD-931B105BCA42}.AppStore|Any CPU.Build.0 = Release|x86
		{A71B7EC2-AB10-41FA-87FD-931B105BCA42}.AppStore|Any CPU.Deploy.0 = Release|x86
		{A71B7EC2-AB10-41FA-87FD-931B105BCA42}.AppStore|ARM.ActiveCfg = Release|ARM
		{A71B7EC2-AB10-41FA-87FD-931B105BCA42}.AppStore|ARM.Build.0 = Release|ARM
		{A71B7EC2-AB10-41FA-87FD-931B105BCA42}.AppStore|ARM.Deploy.0 = Release|ARM
		{A71B7EC2-AB10-41FA-87FD-931B105BCA42}.AppStore|iPhone.ActiveCfg = Release|x86
		{A71B7EC2-AB10-41FA-87FD-931B105BCA42}.AppStore|iPhone.Build.0 = Release|x86
		{A71B7EC2-AB10-41FA-87FD-931B105BCA42}.AppStore|iPhone.Deploy.0 = Release|x86
		{A71B7EC2-AB10-41FA-87FD-931B105BCA42}.AppStore|iPhoneSimulator.ActiveCfg = Release|x86
		{A71B7EC2-AB10-41FA-87FD-931B105BCA42}.AppStore|iPhoneSimulator.Build.0 = Release|x86
		{A71B7EC2-AB10-41FA-87FD-931B105BCA42}.AppStore|iPhoneSimulator.Deploy.0 = Release|x86
		{A71B7EC2-AB10-41FA-87FD-931B105BCA42}.AppStore|x64.ActiveCfg = Release|x64
		{A71B7EC2-AB10-41FA-87FD-931B105BCA42}.AppStore|x64.Build.0 = Release|x64
		{A71B7EC2-AB10-41FA-87FD-931B105BCA42}.AppStore|x64.Deploy.0 = Release|x64
		{A71B7EC2-AB10-41FA-87FD-931B105BCA42}.AppStore|x86.ActiveCfg = Release|x86
		{A71B7EC2-AB10-41FA-87FD-931B105BCA42}.AppStore|x86.Build.0 = Release|x86
		{A71B7EC2-AB10-41FA-87FD-931B105BCA42}.AppStore|x86.Deploy.0 = Release|x86
		{A71B7EC2-AB10-41FA-87FD-931B105BCA42}.Debug|Any CPU.ActiveCfg = Debug|x86
		{A71B7EC2-AB10-41FA-87FD-931B105BCA42}.Debug|Any CPU.Build.0 = Debug|x86
		{A71B7EC2-AB10-41FA-87FD-931B105BCA42}.Debug|Any CPU.Deploy.0 = Debug|x86
		{A71B7EC2-AB10-41FA-87FD-931B105BCA42}.Debug|ARM.ActiveCfg = Debug|ARM
		{A71B7EC2-AB10-41FA-87FD-931B105BCA42}.Debug|ARM.Build.0 = Debug|ARM
		{A71B7EC2-AB10-41FA-87FD-931B105BCA42}.Debug|ARM.Deploy.0 = Debug|ARM
		{A71B7EC2-AB10-41FA-87FD-931B105BCA42}.Debug|iPhone.ActiveCfg = Debug|x86
		{A71B7EC2-AB10-41FA-87FD-931B105BCA42}.Debug|iPhone.Build.0 = Debug|x86
		{A71B7EC2-AB10-41FA-87FD-931B105BCA42}.Debug|iPhone.Deploy.0 = Debug|x86
		{A71B7EC2-AB10-41FA-87FD-931B105BCA42}.Debug|iPhoneSimulator.ActiveCfg = Debug|x86
		{A71B7EC2-AB10-41FA-87FD-931B105BCA42}.Debug|iPhoneSimulator.Build.0 = Debug|x86
		{A71B7EC2-AB10-41FA-87FD-931B105BCA42}.Debug|iPhoneSimulator.Deploy.0 = Debug|x86
		{A71B7EC2-AB10-41FA-87FD-931B105BCA42}.Debug|x64.ActiveCfg = Debug|x64
		{A71B7EC2-AB10-41FA-87FD-931B105BCA42}.Debug|x64.Build.0 = Debug|x64
		{A71B7EC2-AB10-41FA-87FD-931B105BCA42}.Debug|x64.Deploy.0 = Debug|x64
		{A71B7EC2-AB10-41FA-87FD-931B105BCA42}.Debug|x86.ActiveCfg = Debug|x86
		{A71B7EC2-AB10-41FA-87FD-931B105BCA42}.Debug|x86.Build.0 = Debug|x86
		{A71B7EC2-AB10-41FA-87FD-931B105BCA42}.Debug|x86.Deploy.0 = Debug|x86
		{A71B7EC2-AB10-41FA-87FD-931B105BCA42}.Release|Any CPU.ActiveCfg = Release|x86
		{A71B7EC2-AB10-41FA-87FD-931B105BCA42}.Release|Any CPU.Build.0 = Release|x86
		{A71B7EC2-AB10-41FA-87FD-931B105BCA42}.Release|Any CPU.Deploy.0 = Release|x86
		{A71B7EC2-AB10-41FA-87FD-931B105BCA42}.Release|ARM.ActiveCfg = Release|ARM
		{A71B7EC2-AB10-41FA-87FD-931B105BCA42}.Release|ARM.Build.0 = Release|ARM
		{A71B7EC2-AB10-41FA-87FD-931B105BCA42}.Release|ARM.Deploy.0 = Release|ARM
		{A71B7EC2-AB10-41FA-87FD-931B105BCA42}.Release|iPhone.ActiveCfg = Release|x86
		{A71B7EC2-AB10-41FA-87FD-931B105BCA42}.Release|iPhone.Build.0 = Release|x86
		{A71B7EC2-AB10-41FA-87FD-931B105BCA42}.Release|iPhone.Deploy.0 = Release|x86
		{A71B7EC2-AB10-41FA-87FD-931B105BCA42}.Release|iPhoneSimulator.ActiveCfg = Release|x86
		{A71B7EC2-AB10-41FA-87FD-931B105BCA42}.Release|iPhoneSimulator.Build.0 = Release|x86
		{A71B7EC2-AB10-41FA-87FD-931B105BCA42}.Release|iPhoneSimulator.Deploy.0 = Release|x86
		{A71B7EC2-AB10-41FA-87FD-931B105BCA42}.Release|x64.ActiveCfg = Release|x64
		{A71B7EC2-AB10-41FA-87FD-931B105BCA42}.Release|x64.Build.0 = Release|x64
		{A71B7EC2-AB10-41FA-87FD-931B105BCA42}.Release|x64.Deploy.0 = Release|x64
		{A71B7EC2-AB10-41FA-87FD-931B105BCA42}.Release|x86.ActiveCfg = Release|x86
		{A71B7EC2-AB10-41FA-87FD-931B105BCA42}.Release|x86.Build.0 = Release|x86
		{A71B7EC2-AB10-41FA-87FD-931B105BCA42}.Release|x86.Deploy.0 = Release|x86
		{678CBBE8-39C2-43CF-B436-135DF98F14B8}.Ad-Hoc|Any CPU.ActiveCfg = Debug|Any CPU
		{678CBBE8-39C2-43CF-B436-135DF98F14B8}.Ad-Hoc|Any CPU.Build.0 = Debug|Any CPU
		{678CBBE8-39C2-43CF-B436-135DF98F14B8}.Ad-Hoc|Any CPU.Deploy.0 = Debug|Any CPU
		{678CBBE8-39C2-43CF-B436-135DF98F14B8}.Ad-Hoc|ARM.ActiveCfg = Debug|Any CPU
		{678CBBE8-39C2-43CF-B436-135DF98F14B8}.Ad-Hoc|ARM.Build.0 = Debug|Any CPU
		{678CBBE8-39C2-43CF-B436-135DF98F14B8}.Ad-Hoc|ARM.Deploy.0 = Debug|Any CPU
		{678CBBE8-39C2-43CF-B436-135DF98F14B8}.Ad-Hoc|iPhone.ActiveCfg = Debug|Any CPU
		{678CBBE8-39C2-43CF-B436-135DF98F14B8}.Ad-Hoc|iPhone.Build.0 = Debug|Any CPU
		{678CBBE8-39C2-43CF-B436-135DF98F14B8}.Ad-Hoc|iPhone.Deploy.0 = Debug|Any CPU
		{678CBBE8-39C2-43CF-B436-135DF98F14B8}.Ad-Hoc|iPhoneSimulator.ActiveCfg = Debug|Any CPU
		{678CBBE8-39C2-43CF-B436-135DF98F14B8}.Ad-Hoc|iPhoneSimulator.Build.0 = Debug|Any CPU
		{678CBBE8-39C2-43CF-B436-135DF98F14B8}.Ad-Hoc|iPhoneSimulator.Deploy.0 = Debug|Any CPU
		{678CBBE8-39C2-43CF-B436-135DF98F14B8}.Ad-Hoc|x64.ActiveCfg = Debug|Any CPU
		{678CBBE8-39C2-43CF-B436-135DF98F14B8}.Ad-Hoc|x64.Build.0 = Debug|Any CPU
		{678CBBE8-39C2-43CF-B436-135DF98F14B8}.Ad-Hoc|x64.Deploy.0 = Debug|Any CPU
		{678CBBE8-39C2-43CF-B436-135DF98F14B8}.Ad-Hoc|x86.ActiveCfg = Debug|Any CPU
		{678CBBE8-39C2-43CF-B436-135DF98F14B8}.Ad-Hoc|x86.Build.0 = Debug|Any CPU
		{678CBBE8-39C2-43CF-B436-135DF98F14B8}.Ad-Hoc|x86.Deploy.0 = Debug|Any CPU
		{678CBBE8-39C2-43CF-B436-135DF98F14B8}.AppStore|Any CPU.ActiveCfg = Debug|Any CPU
		{678CBBE8-39C2-43CF-B436-135DF98F14B8}.AppStore|Any CPU.Build.0 = Debug|Any CPU
		{678CBBE8-39C2-43CF-B436-135DF98F14B8}.AppStore|Any CPU.Deploy.0 = Debug|Any CPU
		{678CBBE8-39C2-43CF-B436-135DF98F14B8}.AppStore|ARM.ActiveCfg = Debug|Any CPU
		{678CBBE8-39C2-43CF-B436-135DF98F14B8}.AppStore|ARM.Build.0 = Debug|Any CPU
		{678CBBE8-39C2-43CF-B436-135DF98F14B8}.AppStore|ARM.Deploy.0 = Debug|Any CPU
		{678CBBE8-39C2-43CF-B436-135DF98F14B8}.AppStore|iPhone.ActiveCfg = Debug|Any CPU
		{678CBBE8-39C2-43CF-B436-135DF98F14B8}.AppStore|iPhone.Build.0 = Debug|Any CPU
		{678CBBE8-39C2-43CF-B436-135DF98F14B8}.AppStore|iPhone.Deploy.0 = Debug|Any CPU
		{678CBBE8-39C2-43CF-B436-135DF98F14B8}.AppStore|iPhoneSimulator.ActiveCfg = Debug|Any CPU
		{678CBBE8-39C2-43CF-B436-135DF98F14B8}.AppStore|iPhoneSimulator.Build.0 = Debug|Any CPU
		{678CBBE8-39C2-43CF-B436-135DF98F14B8}.AppStore|iPhoneSimulator.Deploy.0 = Debug|Any CPU
		{678CBBE8-39C2-43CF-B436-135DF98F14B8}.AppStore|x64.ActiveCfg = Debug|Any CPU
		{678CBBE8-39C2-43CF-B436-135DF98F14B8}.AppStore|x64.Build.0 = Debug|Any CPU
		{678CBBE8-39C2-43CF-B436-135DF98F14B8}.AppStore|x64.Deploy.0 = Debug|Any CPU
		{678CBBE8-39C2-43CF-B436-135DF98F14B8}.AppStore|x86.ActiveCfg = Debug|Any CPU
		{678CBBE8-39C2-43CF-B436-135DF98F14B8}.AppStore|x86.Build.0 = Debug|Any CPU
		{678CBBE8-39C2-43CF-B436-135DF98F14B8}.AppStore|x86.Deploy.0 = Debug|Any CPU
		{678CBBE8-39C2-43CF-B436-135DF98F14B8}.Debug|Any CPU.ActiveCfg = Debug|Any CPU
		{678CBBE8-39C2-43CF-B436-135DF98F14B8}.Debug|Any CPU.Build.0 = Debug|Any CPU
		{678CBBE8-39C2-43CF-B436-135DF98F14B8}.Debug|Any CPU.Deploy.0 = Debug|Any CPU
		{678CBBE8-39C2-43CF-B436-135DF98F14B8}.Debug|ARM.ActiveCfg = Debug|Any CPU
		{678CBBE8-39C2-43CF-B436-135DF98F14B8}.Debug|ARM.Build.0 = Debug|Any CPU
		{678CBBE8-39C2-43CF-B436-135DF98F14B8}.Debug|ARM.Deploy.0 = Debug|Any CPU
		{678CBBE8-39C2-43CF-B436-135DF98F14B8}.Debug|iPhone.ActiveCfg = Debug|Any CPU
		{678CBBE8-39C2-43CF-B436-135DF98F14B8}.Debug|iPhone.Build.0 = Debug|Any CPU
		{678CBBE8-39C2-43CF-B436-135DF98F14B8}.Debug|iPhone.Deploy.0 = Debug|Any CPU
		{678CBBE8-39C2-43CF-B436-135DF98F14B8}.Debug|iPhoneSimulator.ActiveCfg = Debug|Any CPU
		{678CBBE8-39C2-43CF-B436-135DF98F14B8}.Debug|iPhoneSimulator.Build.0 = Debug|Any CPU
		{678CBBE8-39C2-43CF-B436-135DF98F14B8}.Debug|iPhoneSimulator.Deploy.0 = Debug|Any CPU
		{678CBBE8-39C2-43CF-B436-135DF98F14B8}.Debug|x64.ActiveCfg = Debug|Any CPU
		{678CBBE8-39C2-43CF-B436-135DF98F14B8}.Debug|x64.Build.0 = Debug|Any CPU
		{678CBBE8-39C2-43CF-B436-135DF98F14B8}.Debug|x64.Deploy.0 = Debug|Any CPU
		{678CBBE8-39C2-43CF-B436-135DF98F14B8}.Debug|x86.ActiveCfg = Debug|Any CPU
		{678CBBE8-39C2-43CF-B436-135DF98F14B8}.Debug|x86.Build.0 = Debug|Any CPU
		{678CBBE8-39C2-43CF-B436-135DF98F14B8}.Debug|x86.Deploy.0 = Debug|Any CPU
		{678CBBE8-39C2-43CF-B436-135DF98F14B8}.Release|Any CPU.ActiveCfg = Release|Any CPU
		{678CBBE8-39C2-43CF-B436-135DF98F14B8}.Release|Any CPU.Build.0 = Release|Any CPU
		{678CBBE8-39C2-43CF-B436-135DF98F14B8}.Release|Any CPU.Deploy.0 = Release|Any CPU
		{678CBBE8-39C2-43CF-B436-135DF98F14B8}.Release|ARM.ActiveCfg = Release|Any CPU
		{678CBBE8-39C2-43CF-B436-135DF98F14B8}.Release|ARM.Build.0 = Release|Any CPU
		{678CBBE8-39C2-43CF-B436-135DF98F14B8}.Release|ARM.Deploy.0 = Release|Any CPU
		{678CBBE8-39C2-43CF-B436-135DF98F14B8}.Release|iPhone.ActiveCfg = Release|Any CPU
		{678CBBE8-39C2-43CF-B436-135DF98F14B8}.Release|iPhone.Build.0 = Release|Any CPU
		{678CBBE8-39C2-43CF-B436-135DF98F14B8}.Release|iPhone.Deploy.0 = Release|Any CPU
		{678CBBE8-39C2-43CF-B436-135DF98F14B8}.Release|iPhoneSimulator.ActiveCfg = Release|Any CPU
		{678CBBE8-39C2-43CF-B436-135DF98F14B8}.Release|iPhoneSimulator.Build.0 = Release|Any CPU
		{678CBBE8-39C2-43CF-B436-135DF98F14B8}.Release|iPhoneSimulator.Deploy.0 = Release|Any CPU
		{678CBBE8-39C2-43CF-B436-135DF98F14B8}.Release|x64.ActiveCfg = Release|Any CPU
		{678CBBE8-39C2-43CF-B436-135DF98F14B8}.Release|x64.Build.0 = Release|Any CPU
		{678CBBE8-39C2-43CF-B436-135DF98F14B8}.Release|x64.Deploy.0 = Release|Any CPU
		{678CBBE8-39C2-43CF-B436-135DF98F14B8}.Release|x86.ActiveCfg = Release|Any CPU
		{678CBBE8-39C2-43CF-B436-135DF98F14B8}.Release|x86.Build.0 = Release|Any CPU
		{678CBBE8-39C2-43CF-B436-135DF98F14B8}.Release|x86.Deploy.0 = Release|Any CPU
	EndGlobalSection
	GlobalSection(SolutionProperties) = preSolution
		HideSolutionNode = FALSE
	EndGlobalSection
	GlobalSection(ExtensibilityGlobals) = postSolution
		SolutionGuid = {76B2C321-591E-4AFC-8129-50CC467A6CC8}
	EndGlobalSection
EndGlobal
